
Microsoft Visual Studio Solution File, Format Version 12.00
# Visual Studio 14
VisualStudioVersion = 14.0.25123.0
MinimumVisualStudioVersion = 10.0.40219.1
Project("{FAE04EC0-301F-11D3-BF4B-00C04F79EFBC}") = "SubTreeLuceneFixTool", "SubTreeLuceneFixTool\SubTreeLuceneFixTool.csproj", "{00DB6BCC-9990-4963-A117-A7A78BA751BA}"
EndProject
